github.com/Zhima-Mochi/go-linebot-service v0.0.0-20230709072751-9781e2e43e21 h1:Hb9Qc7lplx/PhWAtSpouGfo9gwyd3JbuBBt3r2QKc90=
github.com/Zhima-Mochi/go-linebot-service v0.0.0-20230709072751-9781e2e43e21/go.mod h1:4nBSb/gZSFaKugM6Ew1yNJbQgBjG3wicNeuZckPOj3I=
github.com/bsm/ginkgo/v2 v2.7.0 h1:ItPMPH90RbmZJt5GtkcNvIRuGEdwlBItdNVoyzaNQao=
github.com/bsm/gomega v1.26.0 h1:LhQm+AFcgV2M0WyKroMASzAzCAJVpAxQXv4SaI9a69Y=
github.com/cespare/xxhash/v2 v2.2.0 h1:DC2CZ1Ep5Y4k3ZQ899DldepgrayRUGE6BBZ/cd9Cj44=
github.com/cespare/xxhash/v2 v2.2.0/go.mod h1:VGX0DQ3Q6kWi7AoAeZDth3/j3BFtOZR5XLFGgcrjCOs=
github.com/dgryski/go-rendezvous v0.0.0-20200823014737-9f7001d12a5f h1:lO4WD4F/rVNCu3HqELle0jiPLLBs70cWOduZpkS1E78=
github.com/dgryski/go-rendezvous v0.0.0-20200823014737-9f7001d12a5f/go.mod h1:cuUVRXasLTGF7a8hSLbxyZXjz+1KgoB3wDUb6vlszIc=
github.com/line/line-bot-sdk-go/v7 v7.20.0 h1:thFPRAHggENIY3+Kn1Er1obn5phrjFV1H6K6WNqaXRM=
github.com/line/line-bot-sdk-go/v7 v7.20.0/go.mod h1:idpoxOZgtSd8JyhctMMpwg5LNgRAIL/QIxa5S0DXcMg=
github.com/redis/go-redis/v9 v9.0.5 h1:CuQcn5HIEeK7BgElubPP8CGtE0KakrnbBSTLjathl5o=
github.com/redis/go-redis/v9 v9.0.5/go.mod h1:WqMKv5vnQbRuZstUwxQI195wHy+t4PuXDOjzMvcuQHk=
github.com/sashabaranov/go-openai v1.13.0 h1:EAusFfnhaMaaUspUZ2+MbB/ZcVeD4epJmTOlZ+8AcAE=
github.com/sashabaranov/go-openai v1.13.0/go.mod h1:lj5b/K+zjTSFxVLijLSTDZuP7adOgerWeFyZLUhAKRg=
