github.com/Zhima-Mochi/go-linebot-service v0.0.0-20230723143803-1764fd7ccee8 h1:peNGExCijlgoFNpmE+ozHnXyoQ3rSCHQzvdbofSbxpY=
github.com/Zhima-Mochi/go-linebot-service v0.0.0-20230723143803-1764fd7ccee8/go.mod h1:4nBSb/gZSFaKugM6Ew1yNJbQgBjG3wicNeuZckPOj3I=
github.com/Zhima-Mochi/go-linebot-service v0.0.0-20230729034725-2e0e2f44dbf8 h1:zmarZhLT+LpRo/+GhK2HZ7QzecFxY65a5lMos5pNL/k=
github.com/Zhima-Mochi/go-linebot-service v0.0.0-20230729034725-2e0e2f44dbf8/go.mod h1:4nBSb/gZSFaKugM6Ew1yNJbQgBjG3wicNeuZckPOj3I=
github.com/Zhima-Mochi/go-linebot-service v0.0.0-20230730110243-126621f11601 h1:znKlNAPj6rsRPbgOgMoFVCkIEEfdH1RIdcAiCI2aPHM=
github.com/Zhima-Mochi/go-linebot-service v0.0.0-20230730110243-126621f11601/go.mod h1:4nBSb/gZSFaKugM6Ew1yNJbQgBjG3wicNeuZckPOj3I=
github.com/Zhima-Mochi/go-linebot-service v0.0.0-20230731145946-04b1fc75ea6f h1:e/mdlUU1ETveLoAc1m0ZR8QqUyTFkvmlbTuJRGC5FIw=
github.com/Zhima-Mochi/go-linebot-service v0.0.0-20230731145946-04b1fc75ea6f/go.mod h1:4nBSb/gZSFaKugM6Ew1yNJbQgBjG3wicNeuZckPOj3I=
github.com/Zhima-Mochi/go-linebot-service v0.0.0-20230731151104-66aaee729c78 h1:eb0XgcIRPMUK4h+BhL5H1Aitpk1X8lTNt6OM/KJZ/q4=
github.com/Zhima-Mochi/go-linebot-service v0.0.0-20230731151104-66aaee729c78/go.mod h1:4nBSb/gZSFaKugM6Ew1yNJbQgBjG3wicNeuZckPOj3I=
github.com/bsm/ginkgo/v2 v2.7.0 h1:ItPMPH90RbmZJt5GtkcNvIRuGEdwlBItdNVoyzaNQao=
github.com/bsm/gomega v1.26.0 h1:LhQm+AFcgV2M0WyKroMASzAzCAJVpAxQXv4SaI9a69Y=
github.com/cespare/xxhash/v2 v2.2.0 h1:DC2CZ1Ep5Y4k3ZQ899DldepgrayRUGE6BBZ/cd9Cj44=
github.com/cespare/xxhash/v2 v2.2.0/go.mod h1:VGX0DQ3Q6kWi7AoAeZDth3/j3BFtOZR5XLFGgcrjCOs=
github.com/davecgh/go-spew v1.1.1 h1:vj9j/u1bqnvCEfJOwUhtlOARqs3+rkHYY13jYWTU97c=
github.com/davecgh/go-spew v1.1.1/go.mod h1:J7Y8YcW2NihsgmVo/mv3lAwl/skON4iLHjSsI+c5H38=
github.com/dgryski/go-rendezvous v0.0.0-20200823014737-9f7001d12a5f h1:lO4WD4F/rVNCu3HqELle0jiPLLBs70cWOduZpkS1E78=
github.com/dgryski/go-rendezvous v0.0.0-20200823014737-9f7001d12a5f/go.mod h1:cuUVRXasLTGF7a8hSLbxyZXjz+1KgoB3wDUb6vlszIc=
github.com/line/line-bot-sdk-go/v7 v7.20.0 h1:thFPRAHggENIY3+Kn1Er1obn5phrjFV1H6K6WNqaXRM=
github.com/line/line-bot-sdk-go/v7 v7.20.0/go.mod h1:idpoxOZgtSd8JyhctMMpwg5LNgRAIL/QIxa5S0DXcMg=
github.com/pmezard/go-difflib v1.0.0 h1:4DBwDE0NGyQoBHbLQYPwSUPoCMWR5BEzIk/f1lZbAQM=
github.com/pmezard/go-difflib v1.0.0/go.mod h1:iKH77koFhYxTK1pcRnkKkqfTogsbg7gZNVY4sRDYZ/4=
github.com/redis/go-redis/v9 v9.0.5 h1:CuQcn5HIEeK7BgElubPP8CGtE0KakrnbBSTLjathl5o=
github.com/redis/go-redis/v9 v9.0.5/go.mod h1:WqMKv5vnQbRuZstUwxQI195wHy+t4PuXDOjzMvcuQHk=
github.com/sashabaranov/go-openai v1.13.0 h1:EAusFfnhaMaaUspUZ2+MbB/ZcVeD4epJmTOlZ+8AcAE=
github.com/sashabaranov/go-openai v1.13.0/go.mod h1:lj5b/K+zjTSFxVLijLSTDZuP7adOgerWeFyZLUhAKRg=
github.com/stretchr/testify v1.8.4 h1:CcVxjf3Q8PM0mHUKJCdn+eZZtm5yQwehR5yeSVQQcUk=
github.com/stretchr/testify v1.8.4/go.mod h1:sz/lmYIOXD/1dqDmKjjqLyZ2RngseejIcXlSw2iwfAo=
gopkg.in/check.v1 v0.0.0-20161208181325-20d25e280405 h1:yhCVgyC4o1eVCa2tZl7eS0r+SDo693bJlVdllGtEeKM=
gopkg.in/check.v1 v0.0.0-20161208181325-20d25e280405/go.mod h1:Co6ibVJAznAaIkqp8huTwlJQCZ016jof/cbN4VW5Yz0=
gopkg.in/yaml.v3 v3.0.1 h1:fxVm/GzAzEWqLHuvctI91KS9hhNmmWOoWu0XTYJS7CA=
gopkg.in/yaml.v3 v3.0.1/go.mod h1:K4uyk7z7BCEPqu6E+C64Yfv1cQ7kz7rIZviUmN+EgEM=
